
Microsoft Visual Studio Solution File, Format Version 12.00
# Visual Studio Version 17
VisualStudioVersion = 17.5.33530.505
MinimumVisualStudioVersion = 10.0.40219.1
Project("{FAE04EC0-301F-11D3-BF4B-00C04F79EFBC}") = "InnerType", "InnerType.csproj", "{77D497CD-016D-4CF3-9280-C0D09297994F}"
EndProject
Global
	GlobalSection(SolutionConfigurationPlatforms) = preSolution
		Debug|Any CPU = Debug|Any CPU
		Release|Any CPU = Release|Any CPU
	EndGlobalSection
	GlobalSection(ProjectConfigurationPlatforms) = postSolution
		{77D497CD-016D-4CF3-9280-C0D09297994F}.Debug|Any CPU.ActiveCfg = Debug|Any CPU
		{77D497CD-016D-4CF3-9280-C0D09297994F}.Debug|Any CPU.Build.0 = Debug|Any CPU
		{77D497CD-016D-4CF3-9280-C0D09297994F}.Release|Any CPU.ActiveCfg = Release|Any CPU
		{77D497CD-016D-4CF3-9280-C0D09297994F}.Release|Any CPU.Build.0 = Release|Any CPU
	EndGlobalSection
	GlobalSection(SolutionProperties) = preSolution
		HideSolutionNode = FALSE
	EndGlobalSection
	GlobalSection(ExtensibilityGlobals) = postSolution
		SolutionGuid = {09D2720C-DC26-44FE-9F79-7057270F2C09}
	EndGlobalSection
EndGlobal
